
Microsoft Visual Studio Solution File, Format Version 12.00
# Visual Studio Version 17
VisualStudioVersion = 17.7.34024.191
MinimumVisualStudioVersion = 10.0.40219.1
Project("{FAE04EC0-301F-11D3-BF4B-00C04F79EFBC}") = "SquareArea", "SquareArea\SquareArea.csproj", "{A7748E96-BCCF-470E-AE83-DDE6A7C3E0A8}"
EndProject
Global
	GlobalSection(SolutionConfigurationPlatforms) = preSolution
		Debug|Any CPU = Debug|Any CPU
		Release|Any CPU = Release|Any CPU
	EndGlobalSection
	GlobalSection(ProjectConfigurationPlatforms) = postSolution
		{A7748E96-BCCF-470E-AE83-DDE6A7C3E0A8}.Debug|Any CPU.ActiveCfg = Debug|Any CPU
		{A7748E96-BCCF-470E-AE83-DDE6A7C3E0A8}.Debug|Any CPU.Build.0 = Debug|Any CPU
		{A7748E96-BCCF-470E-AE83-DDE6A7C3E0A8}.Release|Any CPU.ActiveCfg = Release|Any CPU
		{A7748E96-BCCF-470E-AE83-DDE6A7C3E0A8}.Release|Any CPU.Build.0 = Release|Any CPU
	EndGlobalSection
	GlobalSection(SolutionProperties) = preSolution
		HideSolutionNode = FALSE
	EndGlobalSection
	GlobalSection(ExtensibilityGlobals) = postSolution
		SolutionGuid = {2FFB91A7-362A-4D74-A7CB-F47922DB964E}
	EndGlobalSection
EndGlobal
